github.com/dogasantos/gotaskermq v0.0.0-20210720154531-4d459e79944b h1:1yWjmCBghnTNbe9K8xPtQsrqNsyx/hBiabiSd6vUUNk=
github.com/dogasantos/gotaskermq v0.0.0-20210720154531-4d459e79944b/go.mod h1:dvsLDaseJZhLrH4t9a5mmfzdfs3p70lrONfaQNdbV4M=
github.com/streadway/amqp v0.0.0-20190214183023-884228600bc9 h1:wR6aLKdbJ5E8m+NZWkVeT49ExjlqUe0B41zfM5/m44I=
github.com/streadway/amqp v0.0.0-20190214183023-884228600bc9/go.mod h1:1WNBiOZtZQLpVAyu0iTduoJL9hEsMloAK5XWrtW0xdY=
